PODS:
  - Alamofire (2.0.2)
  - CDTDatastore (0.18.0):
    - CDTDatastore/standard (= 0.18.0)
  - CDTDatastore/common-dependencies (0.18.0):
    - CDTDatastore/no-arc
    - CocoaLumberjack (~> 2.0)
  - CDTDatastore/no-arc (0.18.0)
  - CDTDatastore/standard (0.18.0):
    - CDTDatastore/common-dependencies
    - FMDB (= 2.3)
  - CloudantToolkitLocal (1.1.1):
    - CloudantToolkitLocal/standard (= 1.1.1)
  - CloudantToolkitLocal/standard (1.1.1):
    - CDTDatastore (~> 0.18.0)
  - CocoaLumberjack (2.0.1):
    - CocoaLumberjack/Default (= 2.0.1)
    - CocoaLumberjack/Extensions (= 2.0.1)
  - CocoaLumberjack/Core (2.0.1)
  - CocoaLumberjack/Default (2.0.1):
    - CocoaLumberjack/Core
  - CocoaLumberjack/Extensions (2.0.1):
    - CocoaLumberjack/Default
  - FMDB (2.3):
    - FMDB/standard (= 2.3)
  - FMDB/common (2.3)
  - FMDB/standard (2.3):
    - FMDB/common
  - IBMMobileFirstPlatformFoundation (7.1.0)
  - IMFDataLocal (1.1.1):
    - IMFDataLocal/standard (= 1.1.1)
  - IMFDataLocal/standard (1.1.1):
    - CloudantToolkitLocal (~> 1.1.1)
    - IBMMobileFirstPlatformFoundation (~> 7.1.0)

DEPENDENCIES:
  - Alamofire (~> 2.0)
  - IMFDataLocal

SPEC CHECKSUMS:
  Alamofire: 8edbab00802a752bb5240cc2abe70e7e881488ad
  CDTDatastore: b6e99912058cc904e954f882dca5ac7b1f328352
  CloudantToolkitLocal: b97e75a0d3311c3a699de3b0cbda1176c69c28b4
  CocoaLumberjack: 019d1361244274a6138c788c6cb80baabc13fb8f
  FMDB: 773d79bb74226959b7e2286b1d6e0bd857c88915
  IBMMobileFirstPlatformFoundation: 58fd226facedc5c51d3411ebe95d6a283eeab20f
  IMFDataLocal: a863d80793077b6e4dc70703d08617f28766a33f

COCOAPODS: 0.38.2
